// !$*UTF8*$!
{
	archiveVersion = 1;
	classes = {
	};
	objectVersion = 50;
	objects = {

/* Begin PBXBuildFile section */
		8C83B09E211499F2002809C2 /* UIViewController+Interface.m in Sources */ = {isa = PBXBuildFile; fileRef = 8C83B09D211499F2002809C2 /* UIViewController+Interface.m */; };
		8C9AFD312111939000C1DECA /* Main.storyboard in Resources */ = {isa = PBXBuildFile; fileRef = 8C9AFD2F2111939000C1DECA /* Main.storyboard */; };
		8C9AFD332111939200C1DECA /* Assets.xcassets in Resources */ = {isa = PBXBuildFile; fileRef = 8C9AFD322111939200C1DECA /* Assets.xcassets */; };
		8C9AFD362111939200C1DECA /* LaunchScreen.storyboard in Resources */ = {isa = PBXBuildFile; fileRef = 8C9AFD342111939200C1DECA /* LaunchScreen.storyboard */; };
		8C9AFD4F211196B200C1DECA /* ViewController.m in Sources */ = {isa = PBXBuildFile; fileRef = 8C9AFD43211196B100C1DECA /* ViewController.m */; };
		8C9AFD50211196B200C1DECA /* main.m in Sources */ = {isa = PBXBuildFile; fileRef = 8C9AFD44211196B100C1DECA /* main.m */; };
		8C9AFD51211196B200C1DECA /* AppDelegate.m in Sources */ = {isa = PBXBuildFile; fileRef = 8C9AFD45211196B100C1DECA /* AppDelegate.m */; };
		8C9AFD53211196B200C1DECA /* OHGRouter.m in Sources */ = {isa = PBXBuildFile; fileRef = 8C9AFD49211196B100C1DECA /* OHGRouter.m */; };
		8C9AFD54211196B200C1DECA /* ModuleASI.m in Sources */ = {isa = PBXBuildFile; fileRef = 8C9AFD4D211196B200C1DECA /* ModuleASI.m */; };
		8C9AFD572111971700C1DECA /* ModuleAViewController.m in Sources */ = {isa = PBXBuildFile; fileRef = 8C9AFD562111971700C1DECA /* ModuleAViewController.m */; };
		8C9AFD5921119B0900C1DECA /* Default-568h@2x.png in Resources */ = {isa = PBXBuildFile; fileRef = 8C9AFD5821119B0800C1DECA /* Default-568h@2x.png */; };
		8C9AFD5B21119B3800C1DECA /* Info.plist in Resources */ = {isa = PBXBuildFile; fileRef = 8C9AFD5A21119B3800C1DECA /* Info.plist */; };
/* End PBXBuildFile section */

/* Begin PBXFileReference section */
		8C83B09C211499F2002809C2 /* UIViewController+Interface.h */ = {isa = PBXFileReference; lastKnownFileType = sourcecode.c.h; path = "UIViewController+Interface.h"; sourceTree = "<group>"; };
		8C83B09D211499F2002809C2 /* UIViewController+Interface.m */ = {isa = PBXFileReference; lastKnownFileType = sourcecode.c.objc; path = "UIViewController+Interface.m"; sourceTree = "<group>"; };
		8C9AFD262111939000C1DECA /* a_simple_router.app */ = {isa = PBXFileReference; explicitFileType = wrapper.application; includeInIndex = 0; path = a_simple_router.app; sourceTree = BUILT_PRODUCTS_DIR; };
		8C9AFD302111939000C1DECA /* Base */ = {isa = PBXFileReference; lastKnownFileType = file.storyboard; name = Base; path = Base.lproj/Main.storyboard; sourceTree = "<group>"; };
		8C9AFD322111939200C1DECA /* Assets.xcassets */ = {isa = PBXFileReference; lastKnownFileType = folder.assetcatalog; path = Assets.xcassets; sourceTree = "<group>"; };
		8C9AFD352111939200C1DECA /* Base */ = {isa = PBXFileReference; lastKnownFileType = file.storyboard; name = Base; path = Base.lproj/LaunchScreen.storyboard; sourceTree = "<group>"; };
		8C9AFD40211196B100C1DECA /* MoudleProtocol.h */ = {isa = PBXFileReference; fileEncoding = 4; lastKnownFileType = sourcecode.c.h; path = MoudleProtocol.h; sourceTree = "<group>"; };
		8C9AFD42211196B100C1DECA /* AppDelegate.h */ = {isa = PBXFileReference; fileEncoding = 4; lastKnownFileType = sourcecode.c.h; path = AppDelegate.h; sourceTree = "<group>"; };
		8C9AFD43211196B100C1DECA /* ViewController.m */ = {isa = PBXFileReference; fileEncoding = 4; lastKnownFileType = sourcecode.c.objc; path = ViewController.m; sourceTree = "<group>"; };
		8C9AFD44211196B100C1DECA /* main.m */ = {isa = PBXFileReference; fileEncoding = 4; lastKnownFileType = sourcecode.c.objc; path = main.m; sourceTree = "<group>"; };
		8C9AFD45211196B100C1DECA /* AppDelegate.m */ = {isa = PBXFileReference; fileEncoding = 4; lastKnownFileType = sourcecode.c.objc; path = AppDelegate.m; sourceTree = "<group>"; };
		8C9AFD47211196B100C1DECA /* ViewController.h */ = {isa = PBXFileReference; fileEncoding = 4; lastKnownFileType = sourcecode.c.h; path = ViewController.h; sourceTree = "<group>"; };
		8C9AFD49211196B100C1DECA /* OHGRouter.m */ = {isa = PBXFileReference; fileEncoding = 4; lastKnownFileType = sourcecode.c.objc; path = OHGRouter.m; sourceTree = "<group>"; };
		8C9AFD4A211196B100C1DECA /* OHGRouter.h */ = {isa = PBXFileReference; fileEncoding = 4; lastKnownFileType = sourcecode.c.h; path = OHGRouter.h; sourceTree = "<group>"; };
		8C9AFD4C211196B200C1DECA /* ModuleASI.h */ = {isa = PBXFileReference; fileEncoding = 4; lastKnownFileType = sourcecode.c.h; path = ModuleASI.h; sourceTree = "<group>"; };
		8C9AFD4D211196B200C1DECA /* ModuleASI.m */ = {isa = PBXFileReference; fileEncoding = 4; lastKnownFileType = sourcecode.c.objc; path = ModuleASI.m; sourceTree = "<group>"; };
		8C9AFD552111971700C1DECA /* ModuleAViewController.h */ = {isa = PBXFileReference; lastKnownFileType = sourcecode.c.h; path = ModuleAViewController.h; sourceTree = "<group>"; };
		8C9AFD562111971700C1DECA /* ModuleAViewController.m */ = {isa = PBXFileReference; lastKnownFileType = sourcecode.c.objc; path = ModuleAViewController.m; sourceTree = "<group>"; };
		8C9AFD5821119B0800C1DECA /* Default-568h@2x.png */ = {isa = PBXFileReference; lastKnownFileType = image.png; path = "Default-568h@2x.png"; sourceTree = "<group>"; };
		8C9AFD5A21119B3800C1DECA /* Info.plist */ = {isa = PBXFileReference; fileEncoding = 4; lastKnownFileType = text.plist.xml; path = Info.plist; sourceTree = "<group>"; };
/* End PBXFileReference section */

/* Begin PBXFrameworksBuildPhase section */
		8C9AFD232111939000C1DECA /* Frameworks */ = {
			isa = PBXFrameworksBuildPhase;
			buildActionMask = 2147483647;
			files = (
			);
			runOnlyForDeploymentPostprocessing = 0;
		};
/* End PBXFrameworksBuildPhase section */

/* Begin PBXGroup section */
		8C9AFD1D2111939000C1DECA = {
			isa = PBXGroup;
			children = (
				8C9AFD5821119B0800C1DECA /* Default-568h@2x.png */,
				8C9AFD282111939000C1DECA /* a_simple_router */,
				8C9AFD272111939000C1DECA /* Products */,
			);
			sourceTree = "<group>";
		};
		8C9AFD272111939000C1DECA /* Products */ = {
			isa = PBXGroup;
			children = (
				8C9AFD262111939000C1DECA /* a_simple_router.app */,
			);
			name = Products;
			sourceTree = "<group>";
		};
		8C9AFD282111939000C1DECA /* a_simple_router */ = {
			isa = PBXGroup;
			children = (
				8C9AFD41211196B100C1DECA /* mainApp */,
				8C9AFD4B211196B200C1DECA /* moduleA */,
				8C9AFD3F211196B100C1DECA /* publicProtocol */,
				8C9AFD48211196B100C1DECA /* router */,
				8C9AFD2F2111939000C1DECA /* Main.storyboard */,
				8C9AFD5A21119B3800C1DECA /* Info.plist */,
				8C9AFD322111939200C1DECA /* Assets.xcassets */,
				8C9AFD342111939200C1DECA /* LaunchScreen.storyboard */,
			);
			path = a_simple_router;
			sourceTree = "<group>";
		};
		8C9AFD3F211196B100C1DECA /* publicProtocol */ = {
			isa = PBXGroup;
			children = (
				8C9AFD40211196B100C1DECA /* MoudleProtocol.h */,
			);
			path = publicProtocol;
			sourceTree = "<group>";
		};
		8C9AFD41211196B100C1DECA /* mainApp */ = {
			isa = PBXGroup;
			children = (
				8C9AFD44211196B100C1DECA /* main.m */,
				8C9AFD42211196B100C1DECA /* AppDelegate.h */,
				8C9AFD45211196B100C1DECA /* AppDelegate.m */,
				8C9AFD47211196B100C1DECA /* ViewController.h */,
				8C9AFD43211196B100C1DECA /* ViewController.m */,
				8C83B09C211499F2002809C2 /* UIViewController+Interface.h */,
				8C83B09D211499F2002809C2 /* UIViewController+Interface.m */,
			);
			path = mainApp;
			sourceTree = "<group>";
		};
		8C9AFD48211196B100C1DECA /* router */ = {
			isa = PBXGroup;
			children = (
				8C9AFD4A211196B100C1DECA /* OHGRouter.h */,
				8C9AFD49211196B100C1DECA /* OHGRouter.m */,
			);
			path = router;
			sourceTree = "<group>";
		};
		8C9AFD4B211196B200C1DECA /* moduleA */ = {
			isa = PBXGroup;
			children = (
				8C9AFD4C211196B200C1DECA /* ModuleASI.h */,
				8C9AFD4D211196B200C1DECA /* ModuleASI.m */,
				8C9AFD4E211196B200C1DECA /* ModuleAImp */,
			);
			path = moduleA;
			sourceTree = "<group>";
		};
		8C9AFD4E211196B200C1DECA /* ModuleAImp */ = {
			isa = PBXGroup;
			children = (
				8C9AFD552111971700C1DECA /* ModuleAViewController.h */,
				8C9AFD562111971700C1DECA /* ModuleAViewController.m */,
			);
			path = ModuleAImp;
			sourceTree = "<group>";
		};
/* End PBXGroup section */

/* Begin PBXNativeTarget section */
		8C9AFD252111939000C1DECA /* a_simple_router */ = {
			isa = PBXNativeTarget;
			buildConfigurationList = 8C9AFD3C2111939200C1DECA /* Build configuration list for PBXNativeTarget "a_simple_router" */;
			buildPhases = (
				8C9AFD222111939000C1DECA /* Sources */,
				8C9AFD232111939000C1DECA /* Frameworks */,
				8C9AFD242111939000C1DECA /* Resources */,
			);
			buildRules = (
			);
			dependencies = (
			);
			name = a_simple_router;
			productName = a_simple_router;
			productReference = 8C9AFD262111939000C1DECA /* a_simple_router.app */;
			productType = "com.apple.product-type.application";
		};
/* End PBXNativeTarget section */

/* Begin PBXProject section */
		8C9AFD1E2111939000C1DECA /* Project object */ = {
			isa = PBXProject;
			attributes = {
				LastUpgradeCheck = 0930;
				ORGANIZATIONNAME = OHG;
				TargetAttributes = {
					8C9AFD252111939000C1DECA = {
						CreatedOnToolsVersion = 9.3.1;
					};
				};
			};
			buildConfigurationList = 8C9AFD212111939000C1DECA /* Build configuration list for PBXProject "a_simple_router" */;
			compatibilityVersion = "Xcode 9.3";
			developmentRegion = en;
			hasScannedForEncodings = 0;
			knownRegions = (
				en,
				Base,
			);
			mainGroup = 8C9AFD1D2111939000C1DECA;
			productRefGroup = 8C9AFD272111939000C1DECA /* Products */;
			projectDirPath = "";
			projectRoot = "";
			targets = (
				8C9AFD252111939000C1DECA /* a_simple_router */,
			);
		};
/* End PBXProject section */

/* Begin PBXResourcesBuildPhase section */
		8C9AFD242111939000C1DECA /* Resources */ = {
			isa = PBXResourcesBuildPhase;
			buildActionMask = 2147483647;
			files = (
				8C9AFD362111939200C1DECA /* LaunchScreen.storyboard in Resources */,
				8C9AFD5B21119B3800C1DECA /* Info.plist in Resources */,
				8C9AFD332111939200C1DECA /* Assets.xcassets in Resources */,
				8C9AFD5921119B0900C1DECA /* Default-568h@2x.png in Resources */,
				8C9AFD312111939000C1DECA /* Main.storyboard in Resources */,
			);
			runOnlyForDeploymentPostprocessing = 0;
		};
/* End PBXResourcesBuildPhase section */

/* Begin PBXSourcesBuildPhase section */
		8C9AFD222111939000C1DECA /* Sources */ = {
			isa = PBXSourcesBuildPhase;
			buildActionMask = 2147483647;
			files = (
				8C9AFD572111971700C1DECA /* ModuleAViewController.m in Sources */,
				8C9AFD50211196B200C1DECA /* main.m in Sources */,
				8C83B09E211499F2002809C2 /* UIViewController+Interface.m in Sources */,
				8C9AFD53211196B200C1DECA /* OHGRouter.m in Sources */,
				8C9AFD4F211196B200C1DECA /* ViewController.m in Sources */,
				8C9AFD54211196B200C1DECA /* ModuleASI.m in Sources */,
				8C9AFD51211196B200C1DECA /* AppDelegate.m in Sources */,
			);
			runOnlyForDeploymentPostprocessing = 0;
		};
/* End PBXSourcesBuildPhase section */

/* Begin PBXVariantGroup section */
		8C9AFD2F2111939000C1DECA /* Main.storyboard */ = {
			isa = PBXVariantGroup;
			children = (
				8C9AFD302111939000C1DECA /* Base */,
			);
			name = Main.storyboard;
			sourceTree = "<group>";
		};
		8C9AFD342111939200C1DECA /* LaunchScreen.storyboard */ = {
			isa = PBXVariantGroup;
			children = (
				8C9AFD352111939200C1DECA /* Base */,
			);
			name = LaunchScreen.storyboard;
			sourceTree = "<group>";
		};
/* End PBXVariantGroup section */

/* Begin XCBuildConfiguration section */
		8C9AFD3A2111939200C1DECA /* Debug */ = {
			isa = XCBuildConfiguration;
			buildSettings = {
				ALWAYS_SEARCH_USER_PATHS = NO;
				CLANG_ANALYZER_NONNULL = YES;
				CLANG_ANALYZER_NUMBER_OBJECT_CONVERSION = YES_AGGRESSIVE;
				CLANG_CXX_LANGUAGE_STANDARD = "gnu++14";
				CLANG_CXX_LIBRARY = "libc++";
				CLANG_ENABLE_MODULES = YES;
				CLANG_ENABLE_OBJC_ARC = YES;
				CLANG_ENABLE_OBJC_WEAK = YES;
				CLANG_WARN_BLOCK_CAPTURE_AUTORELEASING = YES;
				CLANG_WARN_BOOL_CONVERSION = YES;
				CLANG_WARN_COMMA = YES;
				CLANG_WARN_CONSTANT_CONVERSION = YES;
				CLANG_WARN_DEPRECATED_OBJC_IMPLEMENTATIONS = YES;
				CLANG_WARN_DIRECT_OBJC_ISA_USAGE = YES_ERROR;
				CLANG_WARN_DOCUMENTATION_COMMENTS = YES;
				CLANG_WARN_EMPTY_BODY = YES;
				CLANG_WARN_ENUM_CONVERSION = YES;
				CLANG_WARN_INFINITE_RECURSION = YES;
				CLANG_WARN_INT_CONVERSION = YES;
				CLANG_WARN_NON_LITERAL_NULL_CONVERSION = YES;
				CLANG_WARN_OBJC_IMPLICIT_RETAIN_SELF = YES;
				CLANG_WARN_OBJC_LITERAL_CONVERSION = YES;
				CLANG_WARN_OBJC_ROOT_CLASS = YES_ERROR;
				CLANG_WARN_RANGE_LOOP_ANALYSIS = YES;
				CLANG_WARN_STRICT_PROTOTYPES = YES;
				CLANG_WARN_SUSPICIOUS_MOVE = YES;
				CLANG_WARN_UNGUARDED_AVAILABILITY = YES_AGGRESSIVE;
				CLANG_WARN_UNREACHABLE_CODE = YES;
				CLANG_WARN__DUPLICATE_METHOD_MATCH = YES;
				CODE_SIGN_IDENTITY = "iPhone Developer";
				COPY_PHASE_STRIP = NO;
				DEBUG_INFORMATION_FORMAT = dwarf;
				ENABLE_STRICT_OBJC_MSGSEND = YES;
				ENABLE_TESTABILITY = YES;
				GCC_C_LANGUAGE_STANDARD = gnu11;
				GCC_DYNAMIC_NO_PIC = NO;
				GCC_NO_COMMON_BLOCKS = YES;
				GCC_OPTIMIZATION_LEVEL = 0;
				GCC_PREPROCESSOR_DEFINITIONS = (
					"DEBUG=1",
					"$(inherited)",
				);
				GCC_WARN_64_TO_32_BIT_CONVERSION = YES;
				GCC_WARN_ABOUT_RETURN_TYPE = YES_ERROR;
				GCC_WARN_UNDECLARED_SELECTOR = YES;
				GCC_WARN_UNINITIALIZED_AUTOS = YES_AGGRESSIVE;
				GCC_WARN_UNUSED_FUNCTION = YES;
				GCC_WARN_UNUSED_VARIABLE = YES;
				IPHONEOS_DEPLOYMENT_TARGET = 11.3;
				MTL_ENABLE_DEBUG_INFO = YES;
				ONLY_ACTIVE_ARCH = YES;
				SDKROOT = iphoneos;
			};
			name = Debug;
		};
		8C9AFD3B2111939200C1DECA /* Release */ = {
			isa = XCBuildConfiguration;
			buildSettings = {
				ALWAYS_SEARCH_USER_PATHS = NO;
				CLANG_ANALYZER_NONNULL = YES;
				CLANG_ANALYZER_NUMBER_OBJECT_CONVERSION = YES_AGGRESSIVE;
				CLANG_CXX_LANGUAGE_STANDARD = "gnu++14";
				CLANG_CXX_LIBRARY = "libc++";
				CLANG_ENABLE_MODULES = YES;
				CLANG_ENABLE_OBJC_ARC = YES;
				CLANG_ENABLE_OBJC_WEAK = YES;
				CLANG_WARN_BLOCK_CAPTURE_AUTORELEASING = YES;
				CLANG_WARN_BOOL_CONVERSION = YES;
				CLANG_WARN_COMMA = YES;
				CLANG_WARN_CONSTANT_CONVERSION = YES;
				CLANG_WARN_DEPRECATED_OBJC_IMPLEMENTATIONS = YES;
				CLANG_WARN_DIRECT_OBJC_ISA_USAGE = YES_ERROR;
				CLANG_WARN_DOCUMENTATION_COMMENTS = YES;
				CLANG_WARN_EMPTY_BODY = YES;
				CLANG_WARN_ENUM_CONVERSION = YES;
				CLANG_WARN_INFINITE_RECURSION = YES;
				CLANG_WARN_INT_CONVERSION = YES;
				CLANG_WARN_NON_LITERAL_NULL_CONVERSION = YES;
				CLANG_WARN_OBJC_IMPLICIT_RETAIN_SELF = YES;
				CLANG_WARN_OBJC_LITERAL_CONVERSION = YES;
				CLANG_WARN_OBJC_ROOT_CLASS = YES_ERROR;
				CLANG_WARN_RANGE_LOOP_ANALYSIS = YES;
				CLANG_WARN_STRICT_PROTOTYPES = YES;
				CLANG_WARN_SUSPICIOUS_MOVE = YES;
				CLANG_WARN_UNGUARDED_AVAILABILITY = YES_AGGRESSIVE;
				CLANG_WARN_UNREACHABLE_CODE = YES;
				CLANG_WARN__DUPLICATE_METHOD_MATCH = YES;
				CODE_SIGN_IDENTITY = "iPhone Developer";
				COPY_PHASE_STRIP = NO;
				DEBUG_INFORMATION_FORMAT = "dwarf-with-dsym";
				ENABLE_NS_ASSERTIONS = NO;
				ENABLE_STRICT_OBJC_MSGSEND = YES;
				GCC_C_LANGUAGE_STANDARD = gnu11;
				GCC_NO_COMMON_BLOCKS = YES;
				GCC_WARN_64_TO_32_BIT_CONVERSION = YES;
				GCC_WARN_ABOUT_RETURN_TYPE = YES_ERROR;
				GCC_WARN_UNDECLARED_SELECTOR = YES;
				GCC_WARN_UNINITIALIZED_AUTOS = YES_AGGRESSIVE;
				GCC_WARN_UNUSED_FUNCTION = YES;
				GCC_WARN_UNUSED_VARIABLE = YES;
				IPHONEOS_DEPLOYMENT_TARGET = 11.3;
				MTL_ENABLE_DEBUG_INFO = NO;
				SDKROOT = iphoneos;
				VALIDATE_PRODUCT = YES;
			};
			name = Release;
		};
		8C9AFD3D2111939200C1DECA /* Debug */ = {
			isa = XCBuildConfiguration;
			buildSettings = {
				ASSETCATALOG_COMPILER_APPICON_NAME = AppIcon;
				CODE_SIGN_STYLE = Automatic;
				INFOPLIST_FILE = a_simple_router/Info.plist;
				LD_RUNPATH_SEARCH_PATHS = (
					"$(inherited)",
					"@executable_path/Frameworks",
				);
				PRODUCT_BUNDLE_IDENTIFIER = "com.ohg.a-simple-router";
				PRODUCT_NAME = "$(TARGET_NAME)";
				TARGETED_DEVICE_FAMILY = "1,2";
			};
			name = Debug;
		};
		8C9AFD3E2111939200C1DECA /* Release */ = {
			isa = XCBuildConfiguration;
			buildSettings = {
				ASSETCATALOG_COMPILER_APPICON_NAME = AppIcon;
				CODE_SIGN_STYLE = Automatic;
				INFOPLIST_FILE = a_simple_router/Info.plist;
				LD_RUNPATH_SEARCH_PATHS = (
					"$(inherited)",
					"@executable_path/Frameworks",
				);
				PRODUCT_BUNDLE_IDENTIFIER = "com.ohg.a-simple-router";
				PRODUCT_NAME = "$(TARGET_NAME)";
				TARGETED_DEVICE_FAMILY = "1,2";
			};
			name = Release;
		};
/* End XCBuildConfiguration section */

/* Begin XCConfigurationList section */
		8C9AFD212111939000C1DECA /* Build configuration list for PBXProject "a_simple_router" */ = {
			isa = XCConfigurationList;
			buildConfigurations = (
				8C9AFD3A2111939200C1DECA /* Debug */,
				8C9AFD3B2111939200C1DECA /* Release */,
			);
			defaultConfigurationIsVisible = 0;
			defaultConfigurationName = Release;
		};
		8C9AFD3C2111939200C1DECA /* Build configuration list for PBXNativeTarget "a_simple_router" */ = {
			isa = XCConfigurationList;
			buildConfigurations = (
				8C9AFD3D2111939200C1DECA /* Debug */,
				8C9AFD3E2111939200C1DECA /* Release */,
			);
			defaultConfigurationIsVisible = 0;
			defaultConfigurationName = Release;
		};
/* End XCConfigurationList section */
	};
	rootObject = 8C9AFD1E2111939000C1DECA /* Project object */;
}
